
Microsoft Visual Studio Solution File, Format Version 12.00
# Visual Studio 15
Project("{FAE04EC0-301F-11D3-BF4B-00C04F79EFBC}") = "PiholeDashboard.Android", "PiholeDashboard.Android\PiholeDashboard.Android.csproj", "{E383F7F8-6067-437A-813B-2162B689511B}"
EndProject
Project("{FAE04EC0-301F-11D3-BF4B-00C04F79EFBC}") = "PiholeDashboard.iOS", "PiholeDashboard.iOS\PiholeDashboard.iOS.csproj", "{B0368283-330B-4D98-B7F0-5CD409587443}"
EndProject
Project("{FAE04EC0-301F-11D3-BF4B-00C04F79EFBC}") = "PiholeDashboard", "PiholeDashboard\PiholeDashboard.csproj", "{F26FB52C-803F-4563-AA6C-857E6D3084F3}"
EndProject
Global
	GlobalSection(SolutionConfigurationPlatforms) = preSolution
		Debug|Any CPU = Debug|Any CPU
		Release|Any CPU = Release|Any CPU
		Debug|iPhoneSimulator = Debug|iPhoneSimulator
		Release|iPhoneSimulator = Release|iPhoneSimulator
		Debug|iPhone = Debug|iPhone
		Release|iPhone = Release|iPhone
	EndGlobalSection
	GlobalSection(ProjectConfigurationPlatforms) = postSolution
		{E383F7F8-6067-437A-813B-2162B689511B}.Debug|Any CPU.ActiveCfg = Debug|Any CPU
		{E383F7F8-6067-437A-813B-2162B689511B}.Debug|Any CPU.Build.0 = Debug|Any CPU
		{E383F7F8-6067-437A-813B-2162B689511B}.Release|Any CPU.ActiveCfg = Release|Any CPU
		{E383F7F8-6067-437A-813B-2162B689511B}.Release|Any CPU.Build.0 = Release|Any CPU
		{E383F7F8-6067-437A-813B-2162B689511B}.Debug|iPhoneSimulator.ActiveCfg = Debug|Any CPU
		{E383F7F8-6067-437A-813B-2162B689511B}.Debug|iPhoneSimulator.Build.0 = Debug|Any CPU
		{E383F7F8-6067-437A-813B-2162B689511B}.Release|iPhoneSimulator.ActiveCfg = Release|Any CPU
		{E383F7F8-6067-437A-813B-2162B689511B}.Release|iPhoneSimulator.Build.0 = Release|Any CPU
		{E383F7F8-6067-437A-813B-2162B689511B}.Debug|iPhone.ActiveCfg = Debug|Any CPU
		{E383F7F8-6067-437A-813B-2162B689511B}.Debug|iPhone.Build.0 = Debug|Any CPU
		{E383F7F8-6067-437A-813B-2162B689511B}.Release|iPhone.ActiveCfg = Release|Any CPU
		{E383F7F8-6067-437A-813B-2162B689511B}.Release|iPhone.Build.0 = Release|Any CPU
		{B0368283-330B-4D98-B7F0-5CD409587443}.Debug|Any CPU.ActiveCfg = Debug|iPhoneSimulator
		{B0368283-330B-4D98-B7F0-5CD409587443}.Debug|Any CPU.Build.0 = Debug|iPhoneSimulator
		{B0368283-330B-4D98-B7F0-5CD409587443}.Release|Any CPU.ActiveCfg = Release|iPhoneSimulator
		{B0368283-330B-4D98-B7F0-5CD409587443}.Release|Any CPU.Build.0 = Release|iPhoneSimulator
		{B0368283-330B-4D98-B7F0-5CD409587443}.Debug|iPhoneSimulator.ActiveCfg = Debug|iPhoneSimulator
		{B0368283-330B-4D98-B7F0-5CD409587443}.Debug|iPhoneSimulator.Build.0 = Debug|iPhoneSimulator
		{B0368283-330B-4D98-B7F0-5CD409587443}.Release|iPhoneSimulator.ActiveCfg = Release|iPhoneSimulator
		{B0368283-330B-4D98-B7F0-5CD409587443}.Release|iPhoneSimulator.Build.0 = Release|iPhoneSimulator
		{B0368283-330B-4D98-B7F0-5CD409587443}.Debug|iPhone.ActiveCfg = Debug|iPhone
		{B0368283-330B-4D98-B7F0-5CD409587443}.Debug|iPhone.Build.0 = Debug|iPhone
		{B0368283-330B-4D98-B7F0-5CD409587443}.Release|iPhone.ActiveCfg = Release|iPhone
		{B0368283-330B-4D98-B7F0-5CD409587443}.Release|iPhone.Build.0 = Release|iPhone
		{F26FB52C-803F-4563-AA6C-857E6D3084F3}.Debug|Any CPU.ActiveCfg = Debug|Any CPU
		{F26FB52C-803F-4563-AA6C-857E6D3084F3}.Debug|Any CPU.Build.0 = Debug|Any CPU
		{F26FB52C-803F-4563-AA6C-857E6D3084F3}.Release|Any CPU.ActiveCfg = Release|Any CPU
		{F26FB52C-803F-4563-AA6C-857E6D3084F3}.Release|Any CPU.Build.0 = Release|Any CPU
		{F26FB52C-803F-4563-AA6C-857E6D3084F3}.Debug|iPhoneSimulator.ActiveCfg = Debug|Any CPU
		{F26FB52C-803F-4563-AA6C-857E6D3084F3}.Debug|iPhoneSimulator.Build.0 = Debug|Any CPU
		{F26FB52C-803F-4563-AA6C-857E6D3084F3}.Release|iPhoneSimulator.ActiveCfg = Release|Any CPU
		{F26FB52C-803F-4563-AA6C-857E6D3084F3}.Release|iPhoneSimulator.Build.0 = Release|Any CPU
		{F26FB52C-803F-4563-AA6C-857E6D3084F3}.Debug|iPhone.ActiveCfg = Debug|Any CPU
		{F26FB52C-803F-4563-AA6C-857E6D3084F3}.Debug|iPhone.Build.0 = Debug|Any CPU
		{F26FB52C-803F-4563-AA6C-857E6D3084F3}.Release|iPhone.ActiveCfg = Release|Any CPU
		{F26FB52C-803F-4563-AA6C-857E6D3084F3}.Release|iPhone.Build.0 = Release|Any CPU
	EndGlobalSection
EndGlobal
